{
  "name": "xdom",
  "requires": true,
  "lockfileVersion": 1,
  "dependencies": {
    "lix": {
      "version": "15.3.0-alpha.1",
      "resolved": "https://registry.npmjs.org/lix/-/lix-15.3.0-alpha.1.tgz",
      "integrity": "sha512-iXTzrFlPMjI4ss01vJ1rCQdF0eupLhOez34+Kf+xBFQ9RJ04YPzjDVFyoKA0+b1zlSOU/jfQZzGP4QqsIZQmUA=="
    }
  }
}
